
Microsoft Visual Studio Solution File, Format Version 12.00
# Visual Studio Version 16
VisualStudioVersion = 16.0.32802.440
MinimumVisualStudioVersion = 10.0.40219.1
Project("{FAE04EC0-301F-11D3-BF4B-00C04F79EFBC}") = "Catstagram.Server", "Catstagram.Server\Catstagram.Server.csproj", "{AA498983-3F77-4ABF-8900-2CF9033D6B1C}"
EndProject
Global
	GlobalSection(SolutionConfigurationPlatforms) = preSolution
		Debug|Any CPU = Debug|Any CPU
		Release|Any CPU = Release|Any CPU
	EndGlobalSection
	GlobalSection(ProjectConfigurationPlatforms) = postSolution
		{AA498983-3F77-4ABF-8900-2CF9033D6B1C}.Debug|Any CPU.ActiveCfg = Debug|Any CPU
		{AA498983-3F77-4ABF-8900-2CF9033D6B1C}.Debug|Any CPU.Build.0 = Debug|Any CPU
		{AA498983-3F77-4ABF-8900-2CF9033D6B1C}.Release|Any CPU.ActiveCfg = Release|Any CPU
		{AA498983-3F77-4ABF-8900-2CF9033D6B1C}.Release|Any CPU.Build.0 = Release|Any CPU
	EndGlobalSection
	GlobalSection(SolutionProperties) = preSolution
		HideSolutionNode = FALSE
	EndGlobalSection
	GlobalSection(ExtensibilityGlobals) = postSolution
		SolutionGuid = {6F9482A9-6679-4C2E-B86E-8D844F79BEE6}
	EndGlobalSection
EndGlobal
